
Microsoft Visual Studio Solution File, Format Version 12.00
# Visual Studio Version 17
VisualStudioVersion = 17.3.32825.248
MinimumVisualStudioVersion = 10.0.40219.1
Project("{8BC9CEB8-8B4A-11D0-8D11-00A0C91BC942}") = "3", "3\3.vcxproj", "{73C12186-1246-4B73-A1BC-6BB4E3A2E160}"
EndProject
Global
	GlobalSection(SolutionConfigurationPlatforms) = preSolution
		Debug|x64 = Debug|x64
		Debug|x86 = Debug|x86
		Release|x64 = Release|x64
		Release|x86 = Release|x86
	EndGlobalSection
	GlobalSection(ProjectConfigurationPlatforms) = postSolution
		{73C12186-1246-4B73-A1BC-6BB4E3A2E160}.Debug|x64.ActiveCfg = Debug|x64
		{73C12186-1246-4B73-A1BC-6BB4E3A2E160}.Debug|x64.Build.0 = Debug|x64
		{73C12186-1246-4B73-A1BC-6BB4E3A2E160}.Debug|x86.ActiveCfg = Debug|Win32
		{73C12186-1246-4B73-A1BC-6BB4E3A2E160}.Debug|x86.Build.0 = Debug|Win32
		{73C12186-1246-4B73-A1BC-6BB4E3A2E160}.Release|x64.ActiveCfg = Release|x64
		{73C12186-1246-4B73-A1BC-6BB4E3A2E160}.Release|x64.Build.0 = Release|x64
		{73C12186-1246-4B73-A1BC-6BB4E3A2E160}.Release|x86.ActiveCfg = Release|Win32
		{73C12186-1246-4B73-A1BC-6BB4E3A2E160}.Release|x86.Build.0 = Release|Win32
	EndGlobalSection
	GlobalSection(SolutionProperties) = preSolution
		HideSolutionNode = FALSE
	EndGlobalSection
	GlobalSection(ExtensibilityGlobals) = postSolution
		SolutionGuid = {FA818923-3257-471B-AE04-1DBE4E0ED7BD}
	EndGlobalSection
EndGlobal
