
Microsoft Visual Studio Solution File, Format Version 12.00
# Visual Studio Version 17
VisualStudioVersion = 17.3.32825.248
MinimumVisualStudioVersion = 10.0.40219.1
Project("{8BC9CEB8-8B4A-11D0-8D11-00A0C91BC942}") = "2", "2\2.vcxproj", "{C9247D0B-246E-42D3-ACF2-D900BA944C69}"
EndProject
Global
	GlobalSection(SolutionConfigurationPlatforms) = preSolution
		Debug|x64 = Debug|x64
		Debug|x86 = Debug|x86
		Release|x64 = Release|x64
		Release|x86 = Release|x86
	EndGlobalSection
	GlobalSection(ProjectConfigurationPlatforms) = postSolution
		{C9247D0B-246E-42D3-ACF2-D900BA944C69}.Debug|x64.ActiveCfg = Debug|x64
		{C9247D0B-246E-42D3-ACF2-D900BA944C69}.Debug|x64.Build.0 = Debug|x64
		{C9247D0B-246E-42D3-ACF2-D900BA944C69}.Debug|x86.ActiveCfg = Debug|Win32
		{C9247D0B-246E-42D3-ACF2-D900BA944C69}.Debug|x86.Build.0 = Debug|Win32
		{C9247D0B-246E-42D3-ACF2-D900BA944C69}.Release|x64.ActiveCfg = Release|x64
		{C9247D0B-246E-42D3-ACF2-D900BA944C69}.Release|x64.Build.0 = Release|x64
		{C9247D0B-246E-42D3-ACF2-D900BA944C69}.Release|x86.ActiveCfg = Release|Win32
		{C9247D0B-246E-42D3-ACF2-D900BA944C69}.Release|x86.Build.0 = Release|Win32
	EndGlobalSection
	GlobalSection(SolutionProperties) = preSolution
		HideSolutionNode = FALSE
	EndGlobalSection
	GlobalSection(ExtensibilityGlobals) = postSolution
		SolutionGuid = {D3F009CD-6002-4960-838D-7F978C07CBA1}
	EndGlobalSection
EndGlobal
